
Microsoft Visual Studio Solution File, Format Version 12.00
# Visual Studio 15
VisualStudioVersion = 15.0.28307.136
MinimumVisualStudioVersion = 10.0.40219.1
Project("{FAE04EC0-301F-11D3-BF4B-00C04F79EFBC}") = "Day1", "Day1\Day1.csproj", "{FE040CFA-F7BC-49AE-BBDA-0F2CE97FBBF7}"
EndProject
Project("{888888A0-9F3D-457C-B088-3A5042F75D52}") = "Day2", "Day2\Day2.pyproj", "{9809BAD2-C106-413D-BCD1-4A775C75E058}"
EndProject
Project("{888888A0-9F3D-457C-B088-3A5042F75D52}") = "Day3", "Day3\Day3.pyproj", "{F325DE4F-C21D-4069-81A4-8AB1EA5913FB}"
EndProject
Project("{888888A0-9F3D-457C-B088-3A5042F75D52}") = "Day4", "Day4\Day4.pyproj", "{86E420B2-90B7-4599-AC49-236F00CD2EC1}"
EndProject
Project("{FAE04EC0-301F-11D3-BF4B-00C04F79EFBC}") = "Day6", "Day6\Day6.csproj", "{A1A9ECDB-6032-4F80-AA49-1CC8DBBA5890}"
EndProject
Project("{888888A0-9F3D-457C-B088-3A5042F75D52}") = "Day5", "Day5\Day5.pyproj", "{C46CDF3F-E008-47B6-A8CB-3C6D400D9533}"
EndProject
Global
	GlobalSection(SolutionConfigurationPlatforms) = preSolution
		Debug|Any CPU = Debug|Any CPU
		Release|Any CPU = Release|Any CPU
	EndGlobalSection
	GlobalSection(ProjectConfigurationPlatforms) = postSolution
		{FE040CFA-F7BC-49AE-BBDA-0F2CE97FBBF7}.Debug|Any CPU.ActiveCfg = Debug|Any CPU
		{FE040CFA-F7BC-49AE-BBDA-0F2CE97FBBF7}.Debug|Any CPU.Build.0 = Debug|Any CPU
		{FE040CFA-F7BC-49AE-BBDA-0F2CE97FBBF7}.Release|Any CPU.ActiveCfg = Release|Any CPU
		{FE040CFA-F7BC-49AE-BBDA-0F2CE97FBBF7}.Release|Any CPU.Build.0 = Release|Any CPU
		{9809BAD2-C106-413D-BCD1-4A775C75E058}.Debug|Any CPU.ActiveCfg = Debug|Any CPU
		{9809BAD2-C106-413D-BCD1-4A775C75E058}.Release|Any CPU.ActiveCfg = Release|Any CPU
		{F325DE4F-C21D-4069-81A4-8AB1EA5913FB}.Debug|Any CPU.ActiveCfg = Debug|Any CPU
		{F325DE4F-C21D-4069-81A4-8AB1EA5913FB}.Release|Any CPU.ActiveCfg = Release|Any CPU
		{86E420B2-90B7-4599-AC49-236F00CD2EC1}.Debug|Any CPU.ActiveCfg = Debug|Any CPU
		{86E420B2-90B7-4599-AC49-236F00CD2EC1}.Release|Any CPU.ActiveCfg = Release|Any CPU
		{A1A9ECDB-6032-4F80-AA49-1CC8DBBA5890}.Debug|Any CPU.ActiveCfg = Debug|Any CPU
		{A1A9ECDB-6032-4F80-AA49-1CC8DBBA5890}.Debug|Any CPU.Build.0 = Debug|Any CPU
		{A1A9ECDB-6032-4F80-AA49-1CC8DBBA5890}.Release|Any CPU.ActiveCfg = Release|Any CPU
		{A1A9ECDB-6032-4F80-AA49-1CC8DBBA5890}.Release|Any CPU.Build.0 = Release|Any CPU
		{C46CDF3F-E008-47B6-A8CB-3C6D400D9533}.Debug|Any CPU.ActiveCfg = Debug|Any CPU
		{C46CDF3F-E008-47B6-A8CB-3C6D400D9533}.Release|Any CPU.ActiveCfg = Release|Any CPU
	EndGlobalSection
	GlobalSection(SolutionProperties) = preSolution
		HideSolutionNode = FALSE
	EndGlobalSection
	GlobalSection(ExtensibilityGlobals) = postSolution
		SolutionGuid = {CA02EB64-2914-4300-822D-EAA8DF8052A0}
	EndGlobalSection
EndGlobal
